# THIS IS AN AUTOGENERATED FILE. DO NOT EDIT THIS FILE DIRECTLY.
# yarn lockfile v1


elementtree@latest:
  version "0.1.7"
  resolved "https://registry.yarnpkg.com/elementtree/-/elementtree-0.1.7.tgz#9ac91be6e52fb6e6244c4e54a4ac3ed8ae8e29c0"
  integrity sha512-wkgGT6kugeQk/P6VZ/f4T+4HB41BVgNBq5CDIZVbQ02nvTVqAiVTbskxxu3eA/X96lMlfYOwnLQpN2v5E1zDEg==
  dependencies:
    sax "1.1.4"

jszip@2.5.0:
  version "2.5.0"
  resolved "https://registry.yarnpkg.com/jszip/-/jszip-2.5.0.tgz#7444fd8551ddf3e5da7198fea0c91bc8308cc274"
  integrity sha512-IRoyf8JSYY3nx+uyh5xPc0qdy8pUDTp2UkHOWYNF/IO/3D8nx7899UlSAjD8rf8wUgOmm0lACWx/GbW3EaxIXQ==
  dependencies:
    pako "~0.2.5"

moment-timezone@^0.5.34:
  version "0.5.34"
  resolved "https://registry.yarnpkg.com/moment-timezone/-/moment-timezone-0.5.34.tgz#a75938f7476b88f155d3504a9343f7519d9a405c"
  integrity sha512-3zAEHh2hKUs3EXLESx/wsgw6IQdusOT8Bxm3D9UrHPQR7zlMmzwybC8zHEM1tQ4LJwP7fcxrWr8tuBg05fFCbg==
  dependencies:
    moment ">= 2.9.0"

"moment@>= 2.9.0", moment@latest:
  version "2.29.4"
  resolved "https://registry.yarnpkg.com/moment/-/moment-2.29.4.tgz#3dbe052889fe7c1b2ed966fcb3a77328964ef108"
  integrity sha512-5LC9SOxjSc2HF6vO2CyuTDNivEdoz2IvyJJGj6X8DJ0eFyfszE0QiEd+iXmBvUP3WHxSjFH/vIsA0EN00cgr8w==

node-zip@latest:
  version "1.1.1"
  resolved "https://registry.yarnpkg.com/node-zip/-/node-zip-1.1.1.tgz#94d1ad674a3cd46a1588dd736f4a9a78c757eb62"
  integrity sha512-sXfGL65EcaAJqNSXxuyf//i4D4geUtJgZDYUd7IBo2/CH8XY8vcWh1+CBCxuVVyR+S4vAFc3hr//JkCi2+V5vg==
  dependencies:
    jszip "2.5.0"

numeral@latest:
  version "2.0.6"
  resolved "https://registry.yarnpkg.com/numeral/-/numeral-2.0.6.tgz#4ad080936d443c2561aed9f2197efffe25f4e506"
  integrity sha512-qaKRmtYPZ5qdw4jWJD6bxEf1FJEqllJrwxCLIm0sQU/A7v2/czigzOb+C2uSiFsa9lBUzeH7M1oK+Q+OLxL3kA==

pako@~0.2.5:
  version "0.2.9"
  resolved "https://registry.yarnpkg.com/pako/-/pako-0.2.9.tgz#f3f7522f4ef782348da8161bad9ecfd51bf83a75"
  integrity sha512-NUcwaKxUxWrZLpDG+z/xZaCgQITkA/Dv4V/T6bw7VON6l1Xz/VnrBqrYjZQ12TamKHzITTfOEIYUj48y2KXImA==

sax@1.1.4:
  version "1.1.4"
  resolved "https://registry.yarnpkg.com/sax/-/sax-1.1.4.tgz#74b6d33c9ae1e001510f179a91168588f1aedaa9"
  integrity sha512-5f3k2PbGGp+YtKJjOItpg3P99IMD84E4HOvcfleTb5joCHNXYLsR9yWFPOYGgaeMPDubQILTCMdsFb2OMeOjtg==

underscore@latest:
  version "1.13.4"
  resolved "https://registry.yarnpkg.com/underscore/-/underscore-1.13.4.tgz#7886b46bbdf07f768e0052f1828e1dcab40c0dee"
  integrity sha512-BQFnUDuAQ4Yf/cYY5LNrK9NCJFKriaRbD9uR1fTeXnBeoa97W0i41qkZfGO9pSo8I5KzjAcSY2XYtdf0oKd7KQ==
